
Microsoft Visual Studio Solution File, Format Version 12.00
# Visual Studio Version 17
VisualStudioVersion = 17.8.34525.116
MinimumVisualStudioVersion = 10.0.40219.1
Project("{FAE04EC0-301F-11D3-BF4B-00C04F79EFBC}") = "Calculatorr", "Calculatorr\Calculatorr.csproj", "{E565BA54-0E8D-4942-809F-324AB1D49E43}"
EndProject
Global
	GlobalSection(SolutionConfigurationPlatforms) = preSolution
		Debug|Any CPU = Debug|Any CPU
		Release|Any CPU = Release|Any CPU
	EndGlobalSection
	GlobalSection(ProjectConfigurationPlatforms) = postSolution
		{E565BA54-0E8D-4942-809F-324AB1D49E43}.Debug|Any CPU.ActiveCfg = Debug|Any CPU
		{E565BA54-0E8D-4942-809F-324AB1D49E43}.Debug|Any CPU.Build.0 = Debug|Any CPU
		{E565BA54-0E8D-4942-809F-324AB1D49E43}.Release|Any CPU.ActiveCfg = Release|Any CPU
		{E565BA54-0E8D-4942-809F-324AB1D49E43}.Release|Any CPU.Build.0 = Release|Any CPU
	EndGlobalSection
	GlobalSection(SolutionProperties) = preSolution
		HideSolutionNode = FALSE
	EndGlobalSection
	GlobalSection(ExtensibilityGlobals) = postSolution
		SolutionGuid = {5C3E8029-70E2-41EA-A615-F182116A7F50}
	EndGlobalSection
EndGlobal
